
Microsoft Visual Studio Solution File, Format Version 12.00
# Visual Studio 15
VisualStudioVersion = 15.0.27703.2035
MinimumVisualStudioVersion = 10.0.40219.1
Project("{FAE04EC0-301F-11D3-BF4B-00C04F79EFBC}") = "AutoUSBCopy", "AutoUSBCopy\AutoUSBCopy.csproj", "{4C9A2E51-BBAD-4FC8-A99C-CC412A628276}"
EndProject
Global
	GlobalSection(SolutionConfigurationPlatforms) = preSolution
		Debug|Any CPU = Debug|Any CPU
		Release|Any CPU = Release|Any CPU
	EndGlobalSection
	GlobalSection(ProjectConfigurationPlatforms) = postSolution
		{4C9A2E51-BBAD-4FC8-A99C-CC412A628276}.Debug|Any CPU.ActiveCfg = Debug|Any CPU
		{4C9A2E51-BBAD-4FC8-A99C-CC412A628276}.Debug|Any CPU.Build.0 = Debug|Any CPU
		{4C9A2E51-BBAD-4FC8-A99C-CC412A628276}.Release|Any CPU.ActiveCfg = Release|Any CPU
		{4C9A2E51-BBAD-4FC8-A99C-CC412A628276}.Release|Any CPU.Build.0 = Release|Any CPU
	EndGlobalSection
	GlobalSection(SolutionProperties) = preSolution
		HideSolutionNode = FALSE
	EndGlobalSection
	GlobalSection(ExtensibilityGlobals) = postSolution
		SolutionGuid = {FF9F19F8-E4A9-49CF-9B53-E4EA93CA6B96}
	EndGlobalSection
EndGlobal
